// !$*UTF8*$!
{
	archiveVersion = 1;
	classes = {
	};
	objectVersion = 50;
	objects = {

/* Begin PBXBuildFile section */
		90A08262246B24F60086B890 /* AppDelegate.swift in Sources */ = {isa = PBXBuildFile; fileRef = 90A08261246B24F60086B890 /* AppDelegate.swift */; };
		90A08264246B24F60086B890 /* SceneDelegate.swift in Sources */ = {isa = PBXBuildFile; fileRef = 90A08263246B24F60086B890 /* SceneDelegate.swift */; };
		90A08266246B24F70086B890 /* ViewController.swift in Sources */ = {isa = PBXBuildFile; fileRef = 90A08265246B24F60086B890 /* ViewController.swift */; };
		90A08269246B24F70086B890 /* Main.storyboard in Resources */ = {isa = PBXBuildFile; fileRef = 90A08267246B24F70086B890 /* Main.storyboard */; };
		90A0826B246B24F80086B890 /* Assets.xcassets in Resources */ = {isa = PBXBuildFile; fileRef = 90A0826A246B24F80086B890 /* Assets.xcassets */; };
		90A0826E246B24F80086B890 /* LaunchScreen.storyboard in Resources */ = {isa = PBXBuildFile; fileRef = 90A0826C246B24F80086B890 /* LaunchScreen.storyboard */; };
		90A08273246B24F80086B890 /* AddNoteApp WatchKit App.app in Embed Watch Content */ = {isa = PBXBuildFile; fileRef = 90A08272246B24F80086B890 /* AddNoteApp WatchKit App.app */; settings = {ATTRIBUTES = (RemoveHeadersOnCopy, ); }; };
		90A08279246B24F80086B890 /* Interface.storyboard in Resources */ = {isa = PBXBuildFile; fileRef = 90A08277246B24F80086B890 /* Interface.storyboard */; };
		90A0827B246B24F90086B890 /* Assets.xcassets in Resources */ = {isa = PBXBuildFile; fileRef = 90A0827A246B24F90086B890 /* Assets.xcassets */; };
		90A08282246B24FA0086B890 /* AddNoteApp WatchKit Extension.appex in Embed App Extensions */ = {isa = PBXBuildFile; fileRef = 90A08281246B24FA0086B890 /* AddNoteApp WatchKit Extension.appex */; settings = {ATTRIBUTES = (RemoveHeadersOnCopy, ); }; };
		90A08287246B24FA0086B890 /* InterfaceController.swift in Sources */ = {isa = PBXBuildFile; fileRef = 90A08286246B24FA0086B890 /* InterfaceController.swift */; };
		90A08289246B24FA0086B890 /* ExtensionDelegate.swift in Sources */ = {isa = PBXBuildFile; fileRef = 90A08288246B24FA0086B890 /* ExtensionDelegate.swift */; };
		90A0828B246B24FA0086B890 /* Assets.xcassets in Resources */ = {isa = PBXBuildFile; fileRef = 90A0828A246B24FA0086B890 /* Assets.xcassets */; };
/* End PBXBuildFile section */

/* Begin PBXContainerItemProxy section */
		90A08274246B24F80086B890 /* PBXContainerItemProxy */ = {
			isa = PBXContainerItemProxy;
			containerPortal = 90A08256246B24F60086B890 /* Project object */;
			proxyType = 1;
			remoteGlobalIDString = 90A08271246B24F80086B890;
			remoteInfo = "AddNoteApp WatchKit App";
		};
		90A08283246B24FA0086B890 /* PBXContainerItemProxy */ = {
			isa = PBXContainerItemProxy;
			containerPortal = 90A08256246B24F60086B890 /* Project object */;
			proxyType = 1;
			remoteGlobalIDString = 90A08280246B24FA0086B890;
			remoteInfo = "AddNoteApp WatchKit Extension";
		};
/* End PBXContainerItemProxy section */

/* Begin PBXCopyFilesBuildPhase section */
		90A08292246B24FA0086B890 /* Embed App Extensions */ = {
			isa = PBXCopyFilesBuildPhase;
			buildActionMask = 2147483647;
			dstPath = "";
			dstSubfolderSpec = 13;
			files = (
				90A08282246B24FA0086B890 /* AddNoteApp WatchKit Extension.appex in Embed App Extensions */,
			);
			name = "Embed App Extensions";
			runOnlyForDeploymentPostprocessing = 0;
		};
		90A08296246B24FA0086B890 /* Embed Watch Content */ = {
			isa = PBXCopyFilesBuildPhase;
			buildActionMask = 2147483647;
			dstPath = "$(CONTENTS_FOLDER_PATH)/Watch";
			dstSubfolderSpec = 16;
			files = (
				90A08273246B24F80086B890 /* AddNoteApp WatchKit App.app in Embed Watch Content */,
			);
			name = "Embed Watch Content";
			runOnlyForDeploymentPostprocessing = 0;
		};
/* End PBXCopyFilesBuildPhase section */

/* Begin PBXFileReference section */
		90A0825E246B24F60086B890 /* AddNoteApp.app */ = {isa = PBXFileReference; explicitFileType = wrapper.application; includeInIndex = 0; path = AddNoteApp.app; sourceTree = BUILT_PRODUCTS_DIR; };
		90A08261246B24F60086B890 /* AppDelegate.swift */ = {isa = PBXFileReference; lastKnownFileType = sourcecode.swift; path = AppDelegate.swift; sourceTree = "<group>"; };
		90A08263246B24F60086B890 /* SceneDelegate.swift */ = {isa = PBXFileReference; lastKnownFileType = sourcecode.swift; path = SceneDelegate.swift; sourceTree = "<group>"; };
		90A08265246B24F60086B890 /* ViewController.swift */ = {isa = PBXFileReference; lastKnownFileType = sourcecode.swift; path = ViewController.swift; sourceTree = "<group>"; };
		90A08268246B24F70086B890 /* Base */ = {isa = PBXFileReference; lastKnownFileType = file.storyboard; name = Base; path = Base.lproj/Main.storyboard; sourceTree = "<group>"; };
		90A0826A246B24F80086B890 /* Assets.xcassets */ = {isa = PBXFileReference; lastKnownFileType = folder.assetcatalog; path = Assets.xcassets; sourceTree = "<group>"; };
		90A0826D246B24F80086B890 /* Base */ = {isa = PBXFileReference; lastKnownFileType = file.storyboard; name = Base; path = Base.lproj/LaunchScreen.storyboard; sourceTree = "<group>"; };
		90A0826F246B24F80086B890 /* Info.plist */ = {isa = PBXFileReference; lastKnownFileType = text.plist.xml; path = Info.plist; sourceTree = "<group>"; };
		90A08272246B24F80086B890 /* AddNoteApp WatchKit App.app */ = {isa = PBXFileReference; explicitFileType = wrapper.application; includeInIndex = 0; path = "AddNoteApp WatchKit App.app"; sourceTree = BUILT_PRODUCTS_DIR; };
		90A08278246B24F80086B890 /* Base */ = {isa = PBXFileReference; lastKnownFileType = file.storyboard; name = Base; path = Base.lproj/Interface.storyboard; sourceTree = "<group>"; };
		90A0827A246B24F90086B890 /* Assets.xcassets */ = {isa = PBXFileReference; lastKnownFileType = folder.assetcatalog; path = Assets.xcassets; sourceTree = "<group>"; };
		90A0827C246B24F90086B890 /* Info.plist */ = {isa = PBXFileReference; lastKnownFileType = text.plist.xml; path = Info.plist; sourceTree = "<group>"; };
		90A08281246B24FA0086B890 /* AddNoteApp WatchKit Extension.appex */ = {isa = PBXFileReference; explicitFileType = "wrapper.app-extension"; includeInIndex = 0; path = "AddNoteApp WatchKit Extension.appex"; sourceTree = BUILT_PRODUCTS_DIR; };
		90A08286246B24FA0086B890 /* InterfaceController.swift */ = {isa = PBXFileReference; lastKnownFileType = sourcecode.swift; path = InterfaceController.swift; sourceTree = "<group>"; };
		90A08288246B24FA0086B890 /* ExtensionDelegate.swift */ = {isa = PBXFileReference; lastKnownFileType = sourcecode.swift; path = ExtensionDelegate.swift; sourceTree = "<group>"; };
		90A0828A246B24FA0086B890 /* Assets.xcassets */ = {isa = PBXFileReference; lastKnownFileType = folder.assetcatalog; path = Assets.xcassets; sourceTree = "<group>"; };
		90A0828C246B24FA0086B890 /* Info.plist */ = {isa = PBXFileReference; lastKnownFileType = text.plist.xml; path = Info.plist; sourceTree = "<group>"; };
/* End PBXFileReference section */

/* Begin PBXFrameworksBuildPhase section */
		90A0825B246B24F60086B890 /* Frameworks */ = {
			isa = PBXFrameworksBuildPhase;
			buildActionMask = 2147483647;
			files = (
			);
			runOnlyForDeploymentPostprocessing = 0;
		};
		90A0827E246B24FA0086B890 /* Frameworks */ = {
			isa = PBXFrameworksBuildPhase;
			buildActionMask = 2147483647;
			files = (
			);
			runOnlyForDeploymentPostprocessing = 0;
		};
/* End PBXFrameworksBuildPhase section */

/* Begin PBXGroup section */
		90A08255246B24F60086B890 = {
			isa = PBXGroup;
			children = (
				90A08260246B24F60086B890 /* AddNoteApp */,
				90A08276246B24F80086B890 /* AddNoteApp WatchKit App */,
				90A08285246B24FA0086B890 /* AddNoteApp WatchKit Extension */,
				90A0825F246B24F60086B890 /* Products */,
			);
			sourceTree = "<group>";
		};
		90A0825F246B24F60086B890 /* Products */ = {
			isa = PBXGroup;
			children = (
				90A0825E246B24F60086B890 /* AddNoteApp.app */,
				90A08272246B24F80086B890 /* AddNoteApp WatchKit App.app */,
				90A08281246B24FA0086B890 /* AddNoteApp WatchKit Extension.appex */,
			);
			name = Products;
			sourceTree = "<group>";
		};
		90A08260246B24F60086B890 /* AddNoteApp */ = {
			isa = PBXGroup;
			children = (
				90A08261246B24F60086B890 /* AppDelegate.swift */,
				90A08263246B24F60086B890 /* SceneDelegate.swift */,
				90A08265246B24F60086B890 /* ViewController.swift */,
				90A08267246B24F70086B890 /* Main.storyboard */,
				90A0826A246B24F80086B890 /* Assets.xcassets */,
				90A0826C246B24F80086B890 /* LaunchScreen.storyboard */,
				90A0826F246B24F80086B890 /* Info.plist */,
			);
			path = AddNoteApp;
			sourceTree = "<group>";
		};
		90A08276246B24F80086B890 /* AddNoteApp WatchKit App */ = {
			isa = PBXGroup;
			children = (
				90A08277246B24F80086B890 /* Interface.storyboard */,
				90A0827A246B24F90086B890 /* Assets.xcassets */,
				90A0827C246B24F90086B890 /* Info.plist */,
			);
			path = "AddNoteApp WatchKit App";
			sourceTree = "<group>";
		};
		90A08285246B24FA0086B890 /* AddNoteApp WatchKit Extension */ = {
			isa = PBXGroup;
			children = (
				90A08286246B24FA0086B890 /* InterfaceController.swift */,
				90A08288246B24FA0086B890 /* ExtensionDelegate.swift */,
				90A0828A246B24FA0086B890 /* Assets.xcassets */,
				90A0828C246B24FA0086B890 /* Info.plist */,
			);
			path = "AddNoteApp WatchKit Extension";
			sourceTree = "<group>";
		};
/* End PBXGroup section */

/* Begin PBXNativeTarget section */
		90A0825D246B24F60086B890 /* AddNoteApp */ = {
			isa = PBXNativeTarget;
			buildConfigurationList = 90A08297246B24FA0086B890 /* Build configuration list for PBXNativeTarget "AddNoteApp" */;
			buildPhases = (
				90A0825A246B24F60086B890 /* Sources */,
				90A0825B246B24F60086B890 /* Frameworks */,
				90A0825C246B24F60086B890 /* Resources */,
				90A08296246B24FA0086B890 /* Embed Watch Content */,
			);
			buildRules = (
			);
			dependencies = (
				90A08275246B24F80086B890 /* PBXTargetDependency */,
			);
			name = AddNoteApp;
			productName = AddNoteApp;
			productReference = 90A0825E246B24F60086B890 /* AddNoteApp.app */;
			productType = "com.apple.product-type.application";
		};
		90A08271246B24F80086B890 /* AddNoteApp WatchKit App */ = {
			isa = PBXNativeTarget;
			buildConfigurationList = 90A08293246B24FA0086B890 /* Build configuration list for PBXNativeTarget "AddNoteApp WatchKit App" */;
			buildPhases = (
				90A08270246B24F80086B890 /* Resources */,
				90A08292246B24FA0086B890 /* Embed App Extensions */,
			);
			buildRules = (
			);
			dependencies = (
				90A08284246B24FA0086B890 /* PBXTargetDependency */,
			);
			name = "AddNoteApp WatchKit App";
			productName = "AddNoteApp WatchKit App";
			productReference = 90A08272246B24F80086B890 /* AddNoteApp WatchKit App.app */;
			productType = "com.apple.product-type.application.watchapp2";
		};
		90A08280246B24FA0086B890 /* AddNoteApp WatchKit Extension */ = {
			isa = PBXNativeTarget;
			buildConfigurationList = 90A0828F246B24FA0086B890 /* Build configuration list for PBXNativeTarget "AddNoteApp WatchKit Extension" */;
			buildPhases = (
				90A0827D246B24FA0086B890 /* Sources */,
				90A0827E246B24FA0086B890 /* Frameworks */,
				90A0827F246B24FA0086B890 /* Resources */,
			);
			buildRules = (
			);
			dependencies = (
			);
			name = "AddNoteApp WatchKit Extension";
			productName = "AddNoteApp WatchKit Extension";
			productReference = 90A08281246B24FA0086B890 /* AddNoteApp WatchKit Extension.appex */;
			productType = "com.apple.product-type.watchkit2-extension";
		};
/* End PBXNativeTarget section */

/* Begin PBXProject section */
		90A08256246B24F60086B890 /* Project object */ = {
			isa = PBXProject;
			attributes = {
				LastSwiftUpdateCheck = 1140;
				LastUpgradeCheck = 1140;
				ORGANIZATIONNAME = "Nishant Gupta";
				TargetAttributes = {
					90A0825D246B24F60086B890 = {
						CreatedOnToolsVersion = 11.4.1;
					};
					90A08271246B24F80086B890 = {
						CreatedOnToolsVersion = 11.4.1;
					};
					90A08280246B24FA0086B890 = {
						CreatedOnToolsVersion = 11.4.1;
					};
				};
			};
			buildConfigurationList = 90A08259246B24F60086B890 /* Build configuration list for PBXProject "AddNoteApp" */;
			compatibilityVersion = "Xcode 9.3";
			developmentRegion = en;
			hasScannedForEncodings = 0;
			knownRegions = (
				en,
				Base,
			);
			mainGroup = 90A08255246B24F60086B890;
			productRefGroup = 90A0825F246B24F60086B890 /* Products */;
			projectDirPath = "";
			projectRoot = "";
			targets = (
				90A0825D246B24F60086B890 /* AddNoteApp */,
				90A08271246B24F80086B890 /* AddNoteApp WatchKit App */,
				90A08280246B24FA0086B890 /* AddNoteApp WatchKit Extension */,
			);
		};
/* End PBXProject section */

/* Begin PBXResourcesBuildPhase section */
		90A0825C246B24F60086B890 /* Resources */ = {
			isa = PBXResourcesBuildPhase;
			buildActionMask = 2147483647;
			files = (
				90A0826E246B24F80086B890 /* LaunchScreen.storyboard in Resources */,
				90A0826B246B24F80086B890 /* Assets.xcassets in Resources */,
				90A08269246B24F70086B890 /* Main.storyboard in Resources */,
			);
			runOnlyForDeploymentPostprocessing = 0;
		};
		90A08270246B24F80086B890 /* Resources */ = {
			isa = PBXResourcesBuildPhase;
			buildActionMask = 2147483647;
			files = (
				90A0827B246B24F90086B890 /* Assets.xcassets in Resources */,
				90A08279246B24F80086B890 /* Interface.storyboard in Resources */,
			);
			runOnlyForDeploymentPostprocessing = 0;
		};
		90A0827F246B24FA0086B890 /* Resources */ = {
			isa = PBXResourcesBuildPhase;
			buildActionMask = 2147483647;
			files = (
				90A0828B246B24FA0086B890 /* Assets.xcassets in Resources */,
			);
			runOnlyForDeploymentPostprocessing = 0;
		};
/* End PBXResourcesBuildPhase section */

/* Begin PBXSourcesBuildPhase section */
		90A0825A246B24F60086B890 /* Sources */ = {
			isa = PBXSourcesBuildPhase;
			buildActionMask = 2147483647;
			files = (
				90A08266246B24F70086B890 /* ViewController.swift in Sources */,
				90A08262246B24F60086B890 /* AppDelegate.swift in Sources */,
				90A08264246B24F60086B890 /* SceneDelegate.swift in Sources */,
			);
			runOnlyForDeploymentPostprocessing = 0;
		};
		90A0827D246B24FA0086B890 /* Sources */ = {
			isa = PBXSourcesBuildPhase;
			buildActionMask = 2147483647;
			files = (
				90A08289246B24FA0086B890 /* ExtensionDelegate.swift in Sources */,
				90A08287246B24FA0086B890 /* InterfaceController.swift in Sources */,
			);
			runOnlyForDeploymentPostprocessing = 0;
		};
/* End PBXSourcesBuildPhase section */

/* Begin PBXTargetDependency section */
		90A08275246B24F80086B890 /* PBXTargetDependency */ = {
			isa = PBXTargetDependency;
			target = 90A08271246B24F80086B890 /* AddNoteApp WatchKit App */;
			targetProxy = 90A08274246B24F80086B890 /* PBXContainerItemProxy */;
		};
		90A08284246B24FA0086B890 /* PBXTargetDependency */ = {
			isa = PBXTargetDependency;
			target = 90A08280246B24FA0086B890 /* AddNoteApp WatchKit Extension */;
			targetProxy = 90A08283246B24FA0086B890 /* PBXContainerItemProxy */;
		};
/* End PBXTargetDependency section */

/* Begin PBXVariantGroup section */
		90A08267246B24F70086B890 /* Main.storyboard */ = {
			isa = PBXVariantGroup;
			children = (
				90A08268246B24F70086B890 /* Base */,
			);
			name = Main.storyboard;
			sourceTree = "<group>";
		};
		90A0826C246B24F80086B890 /* LaunchScreen.storyboard */ = {
			isa = PBXVariantGroup;
			children = (
				90A0826D246B24F80086B890 /* Base */,
			);
			name = LaunchScreen.storyboard;
			sourceTree = "<group>";
		};
		90A08277246B24F80086B890 /* Interface.storyboard */ = {
			isa = PBXVariantGroup;
			children = (
				90A08278246B24F80086B890 /* Base */,
			);
			name = Interface.storyboard;
			sourceTree = "<group>";
		};
/* End PBXVariantGroup section */

/* Begin XCBuildConfiguration section */
		90A0828D246B24FA0086B890 /* Debug */ = {
			isa = XCBuildConfiguration;
			buildSettings = {
				ALWAYS_SEARCH_USER_PATHS = NO;
				CLANG_ANALYZER_NONNULL = YES;
				CLANG_ANALYZER_NUMBER_OBJECT_CONVERSION = YES_AGGRESSIVE;
				CLANG_CXX_LANGUAGE_STANDARD = "gnu++14";
				CLANG_CXX_LIBRARY = "libc++";
				CLANG_ENABLE_MODULES = YES;
				CLANG_ENABLE_OBJC_ARC = YES;
				CLANG_ENABLE_OBJC_WEAK = YES;
				CLANG_WARN_BLOCK_CAPTURE_AUTORELEASING = YES;
				CLANG_WARN_BOOL_CONVERSION = YES;
				CLANG_WARN_COMMA = YES;
				CLANG_WARN_CONSTANT_CONVERSION = YES;
				CLANG_WARN_DEPRECATED_OBJC_IMPLEMENTATIONS = YES;
				CLANG_WARN_DIRECT_OBJC_ISA_USAGE = YES_ERROR;
				CLANG_WARN_DOCUMENTATION_COMMENTS = YES;
				CLANG_WARN_EMPTY_BODY = YES;
				CLANG_WARN_ENUM_CONVERSION = YES;
				CLANG_WARN_INFINITE_RECURSION = YES;
				CLANG_WARN_INT_CONVERSION = YES;
				CLANG_WARN_NON_LITERAL_NULL_CONVERSION = YES;
				CLANG_WARN_OBJC_IMPLICIT_RETAIN_SELF = YES;
				CLANG_WARN_OBJC_LITERAL_CONVERSION = YES;
				CLANG_WARN_OBJC_ROOT_CLASS = YES_ERROR;
				CLANG_WARN_RANGE_LOOP_ANALYSIS = YES;
				CLANG_WARN_STRICT_PROTOTYPES = YES;
				CLANG_WARN_SUSPICIOUS_MOVE = YES;
				CLANG_WARN_UNGUARDED_AVAILABILITY = YES_AGGRESSIVE;
				CLANG_WARN_UNREACHABLE_CODE = YES;
				CLANG_WARN__DUPLICATE_METHOD_MATCH = YES;
				COPY_PHASE_STRIP = NO;
				DEBUG_INFORMATION_FORMAT = dwarf;
				ENABLE_STRICT_OBJC_MSGSEND = YES;
				ENABLE_TESTABILITY = YES;
				GCC_C_LANGUAGE_STANDARD = gnu11;
				GCC_DYNAMIC_NO_PIC = NO;
				GCC_NO_COMMON_BLOCKS = YES;
				GCC_OPTIMIZATION_LEVEL = 0;
				GCC_PREPROCESSOR_DEFINITIONS = (
					"DEBUG=1",
					"$(inherited)",
				);
				GCC_WARN_64_TO_32_BIT_CONVERSION = YES;
				GCC_WARN_ABOUT_RETURN_TYPE = YES_ERROR;
				GCC_WARN_UNDECLARED_SELECTOR = YES;
				GCC_WARN_UNINITIALIZED_AUTOS = YES_AGGRESSIVE;
				GCC_WARN_UNUSED_FUNCTION = YES;
				GCC_WARN_UNUSED_VARIABLE = YES;
				IPHONEOS_DEPLOYMENT_TARGET = 13.4;
				MTL_ENABLE_DEBUG_INFO = INCLUDE_SOURCE;
				MTL_FAST_MATH = YES;
				ONLY_ACTIVE_ARCH = YES;
				SDKROOT = iphoneos;
				SWIFT_ACTIVE_COMPILATION_CONDITIONS = DEBUG;
				SWIFT_OPTIMIZATION_LEVEL = "-Onone";
			};
			name = Debug;
		};
		90A0828E246B24FA0086B890 /* Release */ = {
			isa = XCBuildConfiguration;
			buildSettings = {
				ALWAYS_SEARCH_USER_PATHS = NO;
				CLANG_ANALYZER_NONNULL = YES;
				CLANG_ANALYZER_NUMBER_OBJECT_CONVERSION = YES_AGGRESSIVE;
				CLANG_CXX_LANGUAGE_STANDARD = "gnu++14";
				CLANG_CXX_LIBRARY = "libc++";
				CLANG_ENABLE_MODULES = YES;
				CLANG_ENABLE_OBJC_ARC = YES;
				CLANG_ENABLE_OBJC_WEAK = YES;
				CLANG_WARN_BLOCK_CAPTURE_AUTORELEASING = YES;
				CLANG_WARN_BOOL_CONVERSION = YES;
				CLANG_WARN_COMMA = YES;
				CLANG_WARN_CONSTANT_CONVERSION = YES;
				CLANG_WARN_DEPRECATED_OBJC_IMPLEMENTATIONS = YES;
				CLANG_WARN_DIRECT_OBJC_ISA_USAGE = YES_ERROR;
				CLANG_WARN_DOCUMENTATION_COMMENTS = YES;
				CLANG_WARN_EMPTY_BODY = YES;
				CLANG_WARN_ENUM_CONVERSION = YES;
				CLANG_WARN_INFINITE_RECURSION = YES;
				CLANG_WARN_INT_CONVERSION = YES;
				CLANG_WARN_NON_LITERAL_NULL_CONVERSION = YES;
				CLANG_WARN_OBJC_IMPLICIT_RETAIN_SELF = YES;
				CLANG_WARN_OBJC_LITERAL_CONVERSION = YES;
				CLANG_WARN_OBJC_ROOT_CLASS = YES_ERROR;
				CLANG_WARN_RANGE_LOOP_ANALYSIS = YES;
				CLANG_WARN_STRICT_PROTOTYPES = YES;
				CLANG_WARN_SUSPICIOUS_MOVE = YES;
				CLANG_WARN_UNGUARDED_AVAILABILITY = YES_AGGRESSIVE;
				CLANG_WARN_UNREACHABLE_CODE = YES;
				CLANG_WARN__DUPLICATE_METHOD_MATCH = YES;
				COPY_PHASE_STRIP = NO;
				DEBUG_INFORMATION_FORMAT = "dwarf-with-dsym";
				ENABLE_NS_ASSERTIONS = NO;
				ENABLE_STRICT_OBJC_MSGSEND = YES;
				GCC_C_LANGUAGE_STANDARD = gnu11;
				GCC_NO_COMMON_BLOCKS = YES;
				GCC_WARN_64_TO_32_BIT_CONVERSION = YES;
				GCC_WARN_ABOUT_RETURN_TYPE = YES_ERROR;
				GCC_WARN_UNDECLARED_SELECTOR = YES;
				GCC_WARN_UNINITIALIZED_AUTOS = YES_AGGRESSIVE;
				GCC_WARN_UNUSED_FUNCTION = YES;
				GCC_WARN_UNUSED_VARIABLE = YES;
				IPHONEOS_DEPLOYMENT_TARGET = 13.4;
				MTL_ENABLE_DEBUG_INFO = NO;
				MTL_FAST_MATH = YES;
				SDKROOT = iphoneos;
				SWIFT_COMPILATION_MODE = wholemodule;
				SWIFT_OPTIMIZATION_LEVEL = "-O";
				VALIDATE_PRODUCT = YES;
			};
			name = Release;
		};
		90A08290246B24FA0086B890 /* Debug */ = {
			isa = XCBuildConfiguration;
			buildSettings = {
				ASSETCATALOG_COMPILER_COMPLICATION_NAME = Complication;
				CODE_SIGN_STYLE = Automatic;
				DEVELOPMENT_TEAM = 94WQ83H2PW;
				INFOPLIST_FILE = "AddNoteApp WatchKit Extension/Info.plist";
				LD_RUNPATH_SEARCH_PATHS = (
					"$(inherited)",
					"@executable_path/Frameworks",
					"@executable_path/../../Frameworks",
				);
				PRODUCT_BUNDLE_IDENTIFIER = com.depthin.AddNoteApp.watchkitapp.watchkitextension;
				PRODUCT_NAME = "${TARGET_NAME}";
				SDKROOT = watchos;
				SKIP_INSTALL = YES;
				SWIFT_VERSION = 5.0;
				TARGETED_DEVICE_FAMILY = 4;
				WATCHOS_DEPLOYMENT_TARGET = 6.2;
			};
			name = Debug;
		};
		90A08291246B24FA0086B890 /* Release */ = {
			isa = XCBuildConfiguration;
			buildSettings = {
				ASSETCATALOG_COMPILER_COMPLICATION_NAME = Complication;
				CODE_SIGN_STYLE = Automatic;
				DEVELOPMENT_TEAM = 94WQ83H2PW;
				INFOPLIST_FILE = "AddNoteApp WatchKit Extension/Info.plist";
				LD_RUNPATH_SEARCH_PATHS = (
					"$(inherited)",
					"@executable_path/Frameworks",
					"@executable_path/../../Frameworks",
				);
				PRODUCT_BUNDLE_IDENTIFIER = com.depthin.AddNoteApp.watchkitapp.watchkitextension;
				PRODUCT_NAME = "${TARGET_NAME}";
				SDKROOT = watchos;
				SKIP_INSTALL = YES;
				SWIFT_VERSION = 5.0;
				TARGETED_DEVICE_FAMILY = 4;
				WATCHOS_DEPLOYMENT_TARGET = 6.2;
			};
			name = Release;
		};
		90A08294246B24FA0086B890 /* Debug */ = {
			isa = XCBuildConfiguration;
			buildSettings = {
				ALWAYS_EMBED_SWIFT_STANDARD_LIBRARIES = YES;
				ASSETCATALOG_COMPILER_APPICON_NAME = AppIcon;
				CODE_SIGN_STYLE = Automatic;
				DEVELOPMENT_TEAM = 94WQ83H2PW;
				IBSC_MODULE = AddNoteApp_WatchKit_Extension;
				INFOPLIST_FILE = "AddNoteApp WatchKit App/Info.plist";
				PRODUCT_BUNDLE_IDENTIFIER = com.depthin.AddNoteApp.watchkitapp;
				PRODUCT_NAME = "$(TARGET_NAME)";
				SDKROOT = watchos;
				SKIP_INSTALL = YES;
				SWIFT_VERSION = 5.0;
				TARGETED_DEVICE_FAMILY = 4;
				WATCHOS_DEPLOYMENT_TARGET = 6.2;
			};
			name = Debug;
		};
		90A08295246B24FA0086B890 /* Release */ = {
			isa = XCBuildConfiguration;
			buildSettings = {
				ALWAYS_EMBED_SWIFT_STANDARD_LIBRARIES = YES;
				ASSETCATALOG_COMPILER_APPICON_NAME = AppIcon;
				CODE_SIGN_STYLE = Automatic;
				DEVELOPMENT_TEAM = 94WQ83H2PW;
				IBSC_MODULE = AddNoteApp_WatchKit_Extension;
				INFOPLIST_FILE = "AddNoteApp WatchKit App/Info.plist";
				PRODUCT_BUNDLE_IDENTIFIER = com.depthin.AddNoteApp.watchkitapp;
				PRODUCT_NAME = "$(TARGET_NAME)";
				SDKROOT = watchos;
				SKIP_INSTALL = YES;
				SWIFT_VERSION = 5.0;
				TARGETED_DEVICE_FAMILY = 4;
				WATCHOS_DEPLOYMENT_TARGET = 6.2;
			};
			name = Release;
		};
		90A08298246B24FA0086B890 /* Debug */ = {
			isa = XCBuildConfiguration;
			buildSettings = {
				ASSETCATALOG_COMPILER_APPICON_NAME = AppIcon;
				CODE_SIGN_STYLE = Automatic;
				DEVELOPMENT_TEAM = 94WQ83H2PW;
				INFOPLIST_FILE = AddNoteApp/Info.plist;
				LD_RUNPATH_SEARCH_PATHS = (
					"$(inherited)",
					"@executable_path/Frameworks",
				);
				PRODUCT_BUNDLE_IDENTIFIER = com.depthin.AddNoteApp;
				PRODUCT_NAME = "$(TARGET_NAME)";
				SWIFT_VERSION = 5.0;
				TARGETED_DEVICE_FAMILY = "1,2";
			};
			name = Debug;
		};
		90A08299246B24FA0086B890 /* Release */ = {
			isa = XCBuildConfiguration;
			buildSettings = {
				ASSETCATALOG_COMPILER_APPICON_NAME = AppIcon;
				CODE_SIGN_STYLE = Automatic;
				DEVELOPMENT_TEAM = 94WQ83H2PW;
				INFOPLIST_FILE = AddNoteApp/Info.plist;
				LD_RUNPATH_SEARCH_PATHS = (
					"$(inherited)",
					"@executable_path/Frameworks",
				);
				PRODUCT_BUNDLE_IDENTIFIER = com.depthin.AddNoteApp;
				PRODUCT_NAME = "$(TARGET_NAME)";
				SWIFT_VERSION = 5.0;
				TARGETED_DEVICE_FAMILY = "1,2";
			};
			name = Release;
		};
/* End XCBuildConfiguration section */

/* Begin XCConfigurationList section */
		90A08259246B24F60086B890 /* Build configuration list for PBXProject "AddNoteApp" */ = {
			isa = XCConfigurationList;
			buildConfigurations = (
				90A0828D246B24FA0086B890 /* Debug */,
				90A0828E246B24FA0086B890 /* Release */,
			);
			defaultConfigurationIsVisible = 0;
			defaultConfigurationName = Release;
		};
		90A0828F246B24FA0086B890 /* Build configuration list for PBXNativeTarget "AddNoteApp WatchKit Extension" */ = {
			isa = XCConfigurationList;
			buildConfigurations = (
				90A08290246B24FA0086B890 /* Debug */,
				90A08291246B24FA0086B890 /* Release */,
			);
			defaultConfigurationIsVisible = 0;
			defaultConfigurationName = Release;
		};
		90A08293246B24FA0086B890 /* Build configuration list for PBXNativeTarget "AddNoteApp WatchKit App" */ = {
			isa = XCConfigurationList;
			buildConfigurations = (
				90A08294246B24FA0086B890 /* Debug */,
				90A08295246B24FA0086B890 /* Release */,
			);
			defaultConfigurationIsVisible = 0;
			defaultConfigurationName = Release;
		};
		90A08297246B24FA0086B890 /* Build configuration list for PBXNativeTarget "AddNoteApp" */ = {
			isa = XCConfigurationList;
			buildConfigurations = (
				90A08298246B24FA0086B890 /* Debug */,
				90A08299246B24FA0086B890 /* Release */,
			);
			defaultConfigurationIsVisible = 0;
			defaultConfigurationName = Release;
		};
/* End XCConfigurationList section */
	};
	rootObject = 90A08256246B24F60086B890 /* Project object */;
}
